// !$*UTF8*$!
{
	archiveVersion = 1;
	classes = {
	};
	objectVersion = 50;
	objects = {

/* Begin PBXBuildFile section */
		03420395B5DA674B4D5AC4D3 /* Pods_QRCode.framework in Frameworks */ = {isa = PBXBuildFile; fileRef = A170B917F1CFFA6E9AEDC079 /* Pods_QRCode.framework */; };
		18D6E35CA91D0D4C81EE3135 /* Pods_QRCodeTests.framework in Frameworks */ = {isa = PBXBuildFile; fileRef = F6179027C0280B88CCE0F7BF /* Pods_QRCodeTests.framework */; };
		9B6A30E32147704800B48D69 /* SoundSettingCell.swift in Sources */ = {isa = PBXBuildFile; fileRef = 9B6A30E22147704800B48D69 /* SoundSettingCell.swift */; };
		9B6A30E52147705B00B48D69 /* AboutSettingCell.swift in Sources */ = {isa = PBXBuildFile; fileRef = 9B6A30E42147705B00B48D69 /* AboutSettingCell.swift */; };
		9B6A30E72147706B00B48D69 /* VersionSettingCell.swift in Sources */ = {isa = PBXBuildFile; fileRef = 9B6A30E62147706B00B48D69 /* VersionSettingCell.swift */; };
		DC080D362137CA030080B4A5 /* HistoryViewModel.swift in Sources */ = {isa = PBXBuildFile; fileRef = DC080D352137CA030080B4A5 /* HistoryViewModel.swift */; };
		DC080D392137CDFD0080B4A5 /* UIView+Helper.swift in Sources */ = {isa = PBXBuildFile; fileRef = DC080D382137CDFD0080B4A5 /* UIView+Helper.swift */; };
		DC080D3B2137CE020080B4A5 /* Storyboarded.swift in Sources */ = {isa = PBXBuildFile; fileRef = DC080D3A2137CE020080B4A5 /* Storyboarded.swift */; };
		DC080D3E2137D0380080B4A5 /* HistoryCell.swift in Sources */ = {isa = PBXBuildFile; fileRef = DC080D3D2137D0380080B4A5 /* HistoryCell.swift */; };
		DC080D412137D05F0080B4A5 /* Protocol.swift in Sources */ = {isa = PBXBuildFile; fileRef = DC080D402137D05F0080B4A5 /* Protocol.swift */; };
		DC15CD5E213936B5001E8043 /* GADManager.swift in Sources */ = {isa = PBXBuildFile; fileRef = DC15CD5D213936B5001E8043 /* GADManager.swift */; };
		DC15CD6021393A3E001E8043 /* UIApplication+Helper.swift in Sources */ = {isa = PBXBuildFile; fileRef = DC15CD5F21393A3E001E8043 /* UIApplication+Helper.swift */; };
		DC15CD6221393BB1001E8043 /* Logger.swift in Sources */ = {isa = PBXBuildFile; fileRef = DC15CD6121393BB0001E8043 /* Logger.swift */; };
		DC2AE7E521391E5D00812224 /* Constant.swift in Sources */ = {isa = PBXBuildFile; fileRef = DC2AE7E421391E5D00812224 /* Constant.swift */; };
		DC321916213F7A3F00C70DEE /* PhotoViewController.swift in Sources */ = {isa = PBXBuildFile; fileRef = DC321915213F7A3F00C70DEE /* PhotoViewController.swift */; };
		DC50F60A213E5FDD008D240E /* 1801.wav in Resources */ = {isa = PBXBuildFile; fileRef = DC50F609213E5FDD008D240E /* 1801.wav */; };
		DC6310EE2139500F0062BCFA /* MainTabBarViewController.swift in Sources */ = {isa = PBXBuildFile; fileRef = DC6310ED2139500F0062BCFA /* MainTabBarViewController.swift */; };
		DC884E6B2137C6DA00D25CDE /* HistoryViewController.swift in Sources */ = {isa = PBXBuildFile; fileRef = DC884E6A2137C6DA00D25CDE /* HistoryViewController.swift */; };
		DC92DBCD213E6A5A001E9019 /* SettingViewModel.swift in Sources */ = {isa = PBXBuildFile; fileRef = DC92DBCC213E6A5A001E9019 /* SettingViewModel.swift */; };
		DC92DBD1213E6F7B001E9019 /* AboutViewController.swift in Sources */ = {isa = PBXBuildFile; fileRef = DC92DBD0213E6F7B001E9019 /* AboutViewController.swift */; };
		DC92DBD3213E7139001E9019 /* about.html in Resources */ = {isa = PBXBuildFile; fileRef = DC92DBD2213E7139001E9019 /* about.html */; };
		DCA69AF82137A15A00A35DCD /* AppDelegate.swift in Sources */ = {isa = PBXBuildFile; fileRef = DCA69AF72137A15A00A35DCD /* AppDelegate.swift */; };
		DCA69AFD2137A15A00A35DCD /* Main.storyboard in Resources */ = {isa = PBXBuildFile; fileRef = DCA69AFB2137A15A00A35DCD /* Main.storyboard */; };
		DCA69AFF2137A15C00A35DCD /* Assets.xcassets in Resources */ = {isa = PBXBuildFile; fileRef = DCA69AFE2137A15C00A35DCD /* Assets.xcassets */; };
		DCA69B022137A15C00A35DCD /* LaunchScreen.storyboard in Resources */ = {isa = PBXBuildFile; fileRef = DCA69B002137A15C00A35DCD /* LaunchScreen.storyboard */; };
		DCA69B0D2137A15C00A35DCD /* QRCodeTests.swift in Sources */ = {isa = PBXBuildFile; fileRef = DCA69B0C2137A15C00A35DCD /* QRCodeTests.swift */; };
		DCAF6135213E755B00564C04 /* SettingViewController.swift in Sources */ = {isa = PBXBuildFile; fileRef = DCAF6134213E755B00564C04 /* SettingViewController.swift */; };
		DCAF6137213E76FD00564C04 /* AppSetting.swift in Sources */ = {isa = PBXBuildFile; fileRef = DCAF6136213E76FD00564C04 /* AppSetting.swift */; };
		DCD299792137E7F8001F31CC /* UITableView+Helper.swift in Sources */ = {isa = PBXBuildFile; fileRef = DCD299782137E7F8001F31CC /* UITableView+Helper.swift */; };
		DCD2997B2137EAB2001F31CC /* Date+helper.swift in Sources */ = {isa = PBXBuildFile; fileRef = DCD2997A2137EAB2001F31CC /* Date+helper.swift */; };
		DCD32C292137FEAF00BDA200 /* HistoryDetailViewController.swift in Sources */ = {isa = PBXBuildFile; fileRef = DCD32C282137FEAF00BDA200 /* HistoryDetailViewController.swift */; };
		DCD32C2B213803C600BDA200 /* HistoryDetailViewModel.swift in Sources */ = {isa = PBXBuildFile; fileRef = DCD32C2A213803C600BDA200 /* HistoryDetailViewModel.swift */; };
		DCD4A402213E2465008FC531 /* String+Helper.swift in Sources */ = {isa = PBXBuildFile; fileRef = DCD4A401213E2465008FC531 /* String+Helper.swift */; };
		DCECCEF12137D467004C3345 /* History.swift in Sources */ = {isa = PBXBuildFile; fileRef = DCECCEF02137D467004C3345 /* History.swift */; };
		DCECCEF32137D5BB004C3345 /* RealmManager.swift in Sources */ = {isa = PBXBuildFile; fileRef = DCECCEF22137D5BB004C3345 /* RealmManager.swift */; };
/* End PBXBuildFile section */

/* Begin PBXContainerItemProxy section */
		DCA69B092137A15C00A35DCD /* PBXContainerItemProxy */ = {
			isa = PBXContainerItemProxy;
			containerPortal = DCA69AEC2137A15A00A35DCD /* Project object */;
			proxyType = 1;
			remoteGlobalIDString = DCA69AF32137A15A00A35DCD;
			remoteInfo = QRCode;
		};
/* End PBXContainerItemProxy section */

/* Begin PBXFileReference section */
		21D76350B0FB986D2F5C267F /* Pods-QRCodeTests.release.xcconfig */ = {isa = PBXFileReference; includeInIndex = 1; lastKnownFileType = text.xcconfig; name = "Pods-QRCodeTests.release.xcconfig"; path = "Pods/Target Support Files/Pods-QRCodeTests/Pods-QRCodeTests.release.xcconfig"; sourceTree = "<group>"; };
		21FC9467E5A06FACDE608D3A /* Pods-QRCodeTests.debug.xcconfig */ = {isa = PBXFileReference; includeInIndex = 1; lastKnownFileType = text.xcconfig; name = "Pods-QRCodeTests.debug.xcconfig"; path = "Pods/Target Support Files/Pods-QRCodeTests/Pods-QRCodeTests.debug.xcconfig"; sourceTree = "<group>"; };
		4DC425063886CA0AA10F9CF2 /* Pods-QRCode.debug.xcconfig */ = {isa = PBXFileReference; includeInIndex = 1; lastKnownFileType = text.xcconfig; name = "Pods-QRCode.debug.xcconfig"; path = "Pods/Target Support Files/Pods-QRCode/Pods-QRCode.debug.xcconfig"; sourceTree = "<group>"; };
		7E76846BCF770D9EE274E2CA /* Pods-QRCode.release.xcconfig */ = {isa = PBXFileReference; includeInIndex = 1; lastKnownFileType = text.xcconfig; name = "Pods-QRCode.release.xcconfig"; path = "Pods/Target Support Files/Pods-QRCode/Pods-QRCode.release.xcconfig"; sourceTree = "<group>"; };
		9B6A30E22147704800B48D69 /* SoundSettingCell.swift */ = {isa = PBXFileReference; lastKnownFileType = sourcecode.swift; path = SoundSettingCell.swift; sourceTree = "<group>"; };
		9B6A30E42147705B00B48D69 /* AboutSettingCell.swift */ = {isa = PBXFileReference; lastKnownFileType = sourcecode.swift; path = AboutSettingCell.swift; sourceTree = "<group>"; };
		9B6A30E62147706B00B48D69 /* VersionSettingCell.swift */ = {isa = PBXFileReference; lastKnownFileType = sourcecode.swift; path = VersionSettingCell.swift; sourceTree = "<group>"; };
		A170B917F1CFFA6E9AEDC079 /* Pods_QRCode.framework */ = {isa = PBXFileReference; explicitFileType = wrapper.framework; includeInIndex = 0; path = Pods_QRCode.framework; sourceTree = BUILT_PRODUCTS_DIR; };
		DC080D352137CA030080B4A5 /* HistoryViewModel.swift */ = {isa = PBXFileReference; lastKnownFileType = sourcecode.swift; path = HistoryViewModel.swift; sourceTree = "<group>"; };
		DC080D382137CDFD0080B4A5 /* UIView+Helper.swift */ = {isa = PBXFileReference; fileEncoding = 4; lastKnownFileType = sourcecode.swift; path = "UIView+Helper.swift"; sourceTree = "<group>"; };
		DC080D3A2137CE020080B4A5 /* Storyboarded.swift */ = {isa = PBXFileReference; fileEncoding = 4; lastKnownFileType = sourcecode.swift; path = Storyboarded.swift; sourceTree = "<group>"; };
		DC080D3D2137D0380080B4A5 /* HistoryCell.swift */ = {isa = PBXFileReference; lastKnownFileType = sourcecode.swift; path = HistoryCell.swift; sourceTree = "<group>"; };
		DC080D402137D05F0080B4A5 /* Protocol.swift */ = {isa = PBXFileReference; lastKnownFileType = sourcecode.swift; path = Protocol.swift; sourceTree = "<group>"; };
		DC15CD5D213936B5001E8043 /* GADManager.swift */ = {isa = PBXFileReference; lastKnownFileType = sourcecode.swift; path = GADManager.swift; sourceTree = "<group>"; };
		DC15CD5F21393A3E001E8043 /* UIApplication+Helper.swift */ = {isa = PBXFileReference; lastKnownFileType = sourcecode.swift; path = "UIApplication+Helper.swift"; sourceTree = "<group>"; };
		DC15CD6121393BB0001E8043 /* Logger.swift */ = {isa = PBXFileReference; fileEncoding = 4; lastKnownFileType = sourcecode.swift; path = Logger.swift; sourceTree = "<group>"; };
		DC2AE7E421391E5D00812224 /* Constant.swift */ = {isa = PBXFileReference; lastKnownFileType = sourcecode.swift; path = Constant.swift; sourceTree = "<group>"; };
		DC2AE7E621391EEA00812224 /* DZNEmptyDataSet.framework */ = {isa = PBXFileReference; explicitFileType = wrapper.framework; path = DZNEmptyDataSet.framework; sourceTree = BUILT_PRODUCTS_DIR; };
		DC321915213F7A3F00C70DEE /* PhotoViewController.swift */ = {isa = PBXFileReference; lastKnownFileType = sourcecode.swift; path = PhotoViewController.swift; sourceTree = "<group>"; };
		DC50F609213E5FDD008D240E /* 1801.wav */ = {isa = PBXFileReference; lastKnownFileType = audio.wav; path = 1801.wav; sourceTree = "<group>"; };
		DC6310ED2139500F0062BCFA /* MainTabBarViewController.swift */ = {isa = PBXFileReference; lastKnownFileType = sourcecode.swift; path = MainTabBarViewController.swift; sourceTree = "<group>"; };
		DC884E6A2137C6DA00D25CDE /* HistoryViewController.swift */ = {isa = PBXFileReference; lastKnownFileType = sourcecode.swift; path = HistoryViewController.swift; sourceTree = "<group>"; };
		DC92DBCC213E6A5A001E9019 /* SettingViewModel.swift */ = {isa = PBXFileReference; lastKnownFileType = sourcecode.swift; path = SettingViewModel.swift; sourceTree = "<group>"; };
		DC92DBD0213E6F7B001E9019 /* AboutViewController.swift */ = {isa = PBXFileReference; lastKnownFileType = sourcecode.swift; path = AboutViewController.swift; sourceTree = "<group>"; };
		DC92DBD2213E7139001E9019 /* about.html */ = {isa = PBXFileReference; fileEncoding = 4; lastKnownFileType = text.html; path = about.html; sourceTree = "<group>"; };
		DCA69AF42137A15A00A35DCD /* QRCode.app */ = {isa = PBXFileReference; explicitFileType = wrapper.application; includeInIndex = 0; path = QRCode.app; sourceTree = BUILT_PRODUCTS_DIR; };
		DCA69AF72137A15A00A35DCD /* AppDelegate.swift */ = {isa = PBXFileReference; lastKnownFileType = sourcecode.swift; path = AppDelegate.swift; sourceTree = "<group>"; };
		DCA69AFC2137A15A00A35DCD /* Base */ = {isa = PBXFileReference; lastKnownFileType = file.storyboard; name = Base; path = Base.lproj/Main.storyboard; sourceTree = "<group>"; };
		DCA69AFE2137A15C00A35DCD /* Assets.xcassets */ = {isa = PBXFileReference; lastKnownFileType = folder.assetcatalog; path = Assets.xcassets; sourceTree = "<group>"; };
		DCA69B012137A15C00A35DCD /* Base */ = {isa = PBXFileReference; lastKnownFileType = file.storyboard; name = Base; path = Base.lproj/LaunchScreen.storyboard; sourceTree = "<group>"; };
		DCA69B032137A15C00A35DCD /* Info.plist */ = {isa = PBXFileReference; lastKnownFileType = text.plist.xml; path = Info.plist; sourceTree = "<group>"; };
		DCA69B082137A15C00A35DCD /* QRCodeTests.xctest */ = {isa = PBXFileReference; explicitFileType = wrapper.cfbundle; includeInIndex = 0; path = QRCodeTests.xctest; sourceTree = BUILT_PRODUCTS_DIR; };
		DCA69B0C2137A15C00A35DCD /* QRCodeTests.swift */ = {isa = PBXFileReference; lastKnownFileType = sourcecode.swift; path = QRCodeTests.swift; sourceTree = "<group>"; };
		DCA69B0E2137A15C00A35DCD /* Info.plist */ = {isa = PBXFileReference; lastKnownFileType = text.plist.xml; path = Info.plist; sourceTree = "<group>"; };
		DCAF6134213E755B00564C04 /* SettingViewController.swift */ = {isa = PBXFileReference; lastKnownFileType = sourcecode.swift; path = SettingViewController.swift; sourceTree = "<group>"; };
		DCAF6136213E76FD00564C04 /* AppSetting.swift */ = {isa = PBXFileReference; lastKnownFileType = sourcecode.swift; path = AppSetting.swift; sourceTree = "<group>"; };
		DCD299782137E7F8001F31CC /* UITableView+Helper.swift */ = {isa = PBXFileReference; lastKnownFileType = sourcecode.swift; path = "UITableView+Helper.swift"; sourceTree = "<group>"; };
		DCD2997A2137EAB2001F31CC /* Date+helper.swift */ = {isa = PBXFileReference; lastKnownFileType = sourcecode.swift; path = "Date+helper.swift"; sourceTree = "<group>"; };
		DCD32C282137FEAF00BDA200 /* HistoryDetailViewController.swift */ = {isa = PBXFileReference; lastKnownFileType = sourcecode.swift; path = HistoryDetailViewController.swift; sourceTree = "<group>"; };
		DCD32C2A213803C600BDA200 /* HistoryDetailViewModel.swift */ = {isa = PBXFileReference; lastKnownFileType = sourcecode.swift; path = HistoryDetailViewModel.swift; sourceTree = "<group>"; };
		DCD4A401213E2465008FC531 /* String+Helper.swift */ = {isa = PBXFileReference; lastKnownFileType = sourcecode.swift; path = "String+Helper.swift"; sourceTree = "<group>"; };
		DCECCEF02137D467004C3345 /* History.swift */ = {isa = PBXFileReference; lastKnownFileType = sourcecode.swift; path = History.swift; sourceTree = "<group>"; };
		DCECCEF22137D5BB004C3345 /* RealmManager.swift */ = {isa = PBXFileReference; lastKnownFileType = sourcecode.swift; path = RealmManager.swift; sourceTree = "<group>"; };
		F6179027C0280B88CCE0F7BF /* Pods_QRCodeTests.framework */ = {isa = PBXFileReference; explicitFileType = wrapper.framework; includeInIndex = 0; path = Pods_QRCodeTests.framework; sourceTree = BUILT_PRODUCTS_DIR; };
/* End PBXFileReference section */

/* Begin PBXFrameworksBuildPhase section */
		DCA69AF12137A15A00A35DCD /* Frameworks */ = {
			isa = PBXFrameworksBuildPhase;
			buildActionMask = 2147483647;
			files = (
				03420395B5DA674B4D5AC4D3 /* Pods_QRCode.framework in Frameworks */,
			);
			runOnlyForDeploymentPostprocessing = 0;
		};
		DCA69B052137A15C00A35DCD /* Frameworks */ = {
			isa = PBXFrameworksBuildPhase;
			buildActionMask = 2147483647;
			files = (
				18D6E35CA91D0D4C81EE3135 /* Pods_QRCodeTests.framework in Frameworks */,
			);
			runOnlyForDeploymentPostprocessing = 0;
		};
/* End PBXFrameworksBuildPhase section */

/* Begin PBXGroup section */
		69A8A506481B34000BC7053D /* Frameworks */ = {
			isa = PBXGroup;
			children = (
				DC2AE7E621391EEA00812224 /* DZNEmptyDataSet.framework */,
				A170B917F1CFFA6E9AEDC079 /* Pods_QRCode.framework */,
				F6179027C0280B88CCE0F7BF /* Pods_QRCodeTests.framework */,
			);
			name = Frameworks;
			sourceTree = "<group>";
		};
		6EA318308F0E4B56C5C8AE5F /* Pods */ = {
			isa = PBXGroup;
			children = (
				4DC425063886CA0AA10F9CF2 /* Pods-QRCode.debug.xcconfig */,
				7E76846BCF770D9EE274E2CA /* Pods-QRCode.release.xcconfig */,
				21FC9467E5A06FACDE608D3A /* Pods-QRCodeTests.debug.xcconfig */,
				21D76350B0FB986D2F5C267F /* Pods-QRCodeTests.release.xcconfig */,
			);
			name = Pods;
			sourceTree = "<group>";
		};
		BF544B652168759A00AA6296 /* History */ = {
			isa = PBXGroup;
			children = (
				DC884E6A2137C6DA00D25CDE /* HistoryViewController.swift */,
				DCD32C282137FEAF00BDA200 /* HistoryDetailViewController.swift */,
			);
			path = History;
			sourceTree = "<group>";
		};
		BF544B66216875A600AA6296 /* Setting */ = {
			isa = PBXGroup;
			children = (
				DC92DBD0213E6F7B001E9019 /* AboutViewController.swift */,
				DCAF6134213E755B00564C04 /* SettingViewController.swift */,
			);
			path = Setting;
			sourceTree = "<group>";
		};
		BFEAD63E21686F9F008B7066 /* Audio */ = {
			isa = PBXGroup;
			children = (
				DC50F609213E5FDD008D240E /* 1801.wav */,
			);
			path = Audio;
			sourceTree = "<group>";
		};
		BFEAD63F21686FA9008B7066 /* File */ = {
			isa = PBXGroup;
			children = (
				DC92DBD2213E7139001E9019 /* about.html */,
			);
			path = File;
			sourceTree = "<group>";
		};
		DC080D372137CDD80080B4A5 /* Extension */ = {
			isa = PBXGroup;
			children = (
				DCD299782137E7F8001F31CC /* UITableView+Helper.swift */,
				DC080D3A2137CE020080B4A5 /* Storyboarded.swift */,
				DC080D382137CDFD0080B4A5 /* UIView+Helper.swift */,
				DCD2997A2137EAB2001F31CC /* Date+helper.swift */,
				DC15CD5F21393A3E001E8043 /* UIApplication+Helper.swift */,
				DCD4A401213E2465008FC531 /* String+Helper.swift */,
			);
			path = Extension;
			sourceTree = "<group>";
		};
		DC080D3C2137D01C0080B4A5 /* Cell */ = {
			isa = PBXGroup;
			children = (
				DC080D3D2137D0380080B4A5 /* HistoryCell.swift */,
				9B6A30E22147704800B48D69 /* SoundSettingCell.swift */,
				9B6A30E42147705B00B48D69 /* AboutSettingCell.swift */,
				9B6A30E62147706B00B48D69 /* VersionSettingCell.swift */,
			);
			path = Cell;
			sourceTree = "<group>";
		};
		DC080D3F2137D0460080B4A5 /* Utilities */ = {
			isa = PBXGroup;
			children = (
				DC15CD6121393BB0001E8043 /* Logger.swift */,
				DC080D402137D05F0080B4A5 /* Protocol.swift */,
				DCECCEF22137D5BB004C3345 /* RealmManager.swift */,
				DC2AE7E421391E5D00812224 /* Constant.swift */,
				DC15CD5D213936B5001E8043 /* GADManager.swift */,
			);
			path = Utilities;
			sourceTree = "<group>";
		};
		DC458A1D2137A3FB00094C4B /* Resource */ = {
			isa = PBXGroup;
			children = (
				BFEAD63F21686FA9008B7066 /* File */,
				BFEAD63E21686F9F008B7066 /* Audio */,
				DCA69AFE2137A15C00A35DCD /* Assets.xcassets */,
				DCA69B032137A15C00A35DCD /* Info.plist */,
			);
			path = Resource;
			sourceTree = "<group>";
		};
		DC884E692137AE4C00D25CDE /* Controller */ = {
			isa = PBXGroup;
			children = (
				BF544B652168759A00AA6296 /* History */,
				BF544B66216875A600AA6296 /* Setting */,
				DC6310ED2139500F0062BCFA /* MainTabBarViewController.swift */,
				DC321915213F7A3F00C70DEE /* PhotoViewController.swift */,
			);
			path = Controller;
			sourceTree = "<group>";
		};
		DC884E6C2137C78A00D25CDE /* ViewModel */ = {
			isa = PBXGroup;
			children = (
				DC080D352137CA030080B4A5 /* HistoryViewModel.swift */,
				DCD32C2A213803C600BDA200 /* HistoryDetailViewModel.swift */,
				DC92DBCC213E6A5A001E9019 /* SettingViewModel.swift */,
			);
			path = ViewModel;
			sourceTree = "<group>";
		};
		DC884E6D2137C79500D25CDE /* Model */ = {
			isa = PBXGroup;
			children = (
				DCECCEF02137D467004C3345 /* History.swift */,
				DCAF6136213E76FD00564C04 /* AppSetting.swift */,
			);
			path = Model;
			sourceTree = "<group>";
		};
		DC884E6E2137C7A200D25CDE /* View */ = {
			isa = PBXGroup;
			children = (
				DCA69AFB2137A15A00A35DCD /* Main.storyboard */,
				DCA69B002137A15C00A35DCD /* LaunchScreen.storyboard */,
			);
			path = View;
			sourceTree = "<group>";
		};
		DCA69AEB2137A15A00A35DCD = {
			isa = PBXGroup;
			children = (
				DCA69AF62137A15A00A35DCD /* QRCode */,
				DCA69B0B2137A15C00A35DCD /* QRCodeTests */,
				DCA69AF52137A15A00A35DCD /* Products */,
				6EA318308F0E4B56C5C8AE5F /* Pods */,
				69A8A506481B34000BC7053D /* Frameworks */,
			);
			sourceTree = "<group>";
		};
		DCA69AF52137A15A00A35DCD /* Products */ = {
			isa = PBXGroup;
			children = (
				DCA69AF42137A15A00A35DCD /* QRCode.app */,
				DCA69B082137A15C00A35DCD /* QRCodeTests.xctest */,
			);
			name = Products;
			sourceTree = "<group>";
		};
		DCA69AF62137A15A00A35DCD /* QRCode */ = {
			isa = PBXGroup;
			children = (
				DC080D372137CDD80080B4A5 /* Extension */,
				DC080D3F2137D0460080B4A5 /* Utilities */,
				DC884E6D2137C79500D25CDE /* Model */,
				DC884E6C2137C78A00D25CDE /* ViewModel */,
				DC884E692137AE4C00D25CDE /* Controller */,
				DC080D3C2137D01C0080B4A5 /* Cell */,
				DC884E6E2137C7A200D25CDE /* View */,
				DC458A1D2137A3FB00094C4B /* Resource */,
				DCA69AF72137A15A00A35DCD /* AppDelegate.swift */,
			);
			path = QRCode;
			sourceTree = "<group>";
		};
		DCA69B0B2137A15C00A35DCD /* QRCodeTests */ = {
			isa = PBXGroup;
			children = (
				DCA69B0C2137A15C00A35DCD /* QRCodeTests.swift */,
				DCA69B0E2137A15C00A35DCD /* Info.plist */,
			);
			path = QRCodeTests;
			sourceTree = "<group>";
		};
/* End PBXGroup section */

/* Begin PBXNativeTarget section */
		DCA69AF32137A15A00A35DCD /* QRCode */ = {
			isa = PBXNativeTarget;
			buildConfigurationList = DCA69B112137A15C00A35DCD /* Build configuration list for PBXNativeTarget "QRCode" */;
			buildPhases = (
				CCE4E9A91144ED791FCF4C8B /* [CP] Check Pods Manifest.lock */,
				DCA69AF02137A15A00A35DCD /* Sources */,
				DCA69AF12137A15A00A35DCD /* Frameworks */,
				DCA69AF22137A15A00A35DCD /* Resources */,
				9E9A32C6F590AA79A3A39F90 /* [CP] Embed Pods Frameworks */,
				DCD32C262137F91900BDA200 /* ShellScript */,
				DC4D28F1213E86FC00DE3CA2 /* ShellScript */,
			);
			buildRules = (
			);
			dependencies = (
			);
			name = QRCode;
			productName = QRCode;
			productReference = DCA69AF42137A15A00A35DCD /* QRCode.app */;
			productType = "com.apple.product-type.application";
		};
		DCA69B072137A15C00A35DCD /* QRCodeTests */ = {
			isa = PBXNativeTarget;
			buildConfigurationList = DCA69B142137A15C00A35DCD /* Build configuration list for PBXNativeTarget "QRCodeTests" */;
			buildPhases = (
				F3A800E6D0A1BC914EA0128A /* [CP] Check Pods Manifest.lock */,
				DCA69B042137A15C00A35DCD /* Sources */,
				DCA69B052137A15C00A35DCD /* Frameworks */,
				DCA69B062137A15C00A35DCD /* Resources */,
			);
			buildRules = (
			);
			dependencies = (
				DCA69B0A2137A15C00A35DCD /* PBXTargetDependency */,
			);
			name = QRCodeTests;
			productName = QRCodeTests;
			productReference = DCA69B082137A15C00A35DCD /* QRCodeTests.xctest */;
			productType = "com.apple.product-type.bundle.unit-test";
		};
/* End PBXNativeTarget section */

/* Begin PBXProject section */
		DCA69AEC2137A15A00A35DCD /* Project object */ = {
			isa = PBXProject;
			attributes = {
				LastSwiftUpdateCheck = 0940;
				LastUpgradeCheck = 0940;
				ORGANIZATIONNAME = "Bao Nguyen";
				TargetAttributes = {
					DCA69AF32137A15A00A35DCD = {
						CreatedOnToolsVersion = 9.4.1;
					};
					DCA69B072137A15C00A35DCD = {
						CreatedOnToolsVersion = 9.4.1;
						TestTargetID = DCA69AF32137A15A00A35DCD;
					};
				};
			};
			buildConfigurationList = DCA69AEF2137A15A00A35DCD /* Build configuration list for PBXProject "QRCode" */;
			compatibilityVersion = "Xcode 9.3";
			developmentRegion = en;
			hasScannedForEncodings = 0;
			knownRegions = (
				en,
				Base,
			);
			mainGroup = DCA69AEB2137A15A00A35DCD;
			productRefGroup = DCA69AF52137A15A00A35DCD /* Products */;
			projectDirPath = "";
			projectRoot = "";
			targets = (
				DCA69AF32137A15A00A35DCD /* QRCode */,
				DCA69B072137A15C00A35DCD /* QRCodeTests */,
			);
		};
/* End PBXProject section */

/* Begin PBXResourcesBuildPhase section */
		DCA69AF22137A15A00A35DCD /* Resources */ = {
			isa = PBXResourcesBuildPhase;
			buildActionMask = 2147483647;
			files = (
				DC92DBD3213E7139001E9019 /* about.html in Resources */,
				DCA69B022137A15C00A35DCD /* LaunchScreen.storyboard in Resources */,
				DCA69AFF2137A15C00A35DCD /* Assets.xcassets in Resources */,
				DC50F60A213E5FDD008D240E /* 1801.wav in Resources */,
				DCA69AFD2137A15A00A35DCD /* Main.storyboard in Resources */,
			);
			runOnlyForDeploymentPostprocessing = 0;
		};
		DCA69B062137A15C00A35DCD /* Resources */ = {
			isa = PBXResourcesBuildPhase;
			buildActionMask = 2147483647;
			files = (
			);
			runOnlyForDeploymentPostprocessing = 0;
		};
/* End PBXResourcesBuildPhase section */

/* Begin PBXShellScriptBuildPhase section */
		9E9A32C6F590AA79A3A39F90 /* [CP] Embed Pods Frameworks */ = {
			isa = PBXShellScriptBuildPhase;
			buildActionMask = 2147483647;
			files = (
			);
			inputPaths = (
				"${SRCROOT}/Pods/Target Support Files/Pods-QRCode/Pods-QRCode-frameworks.sh",
				"${BUILT_PRODUCTS_DIR}/DZNEmptyDataSet/DZNEmptyDataSet.framework",
				"${BUILT_PRODUCTS_DIR}/Hero/Hero.framework",
				"${BUILT_PRODUCTS_DIR}/PryntTrimmerView/PryntTrimmerView.framework",
				"${BUILT_PRODUCTS_DIR}/Realm/Realm.framework",
				"${BUILT_PRODUCTS_DIR}/RealmSwift/RealmSwift.framework",
				"${BUILT_PRODUCTS_DIR}/RxCocoa/RxCocoa.framework",
				"${BUILT_PRODUCTS_DIR}/RxRealm/RxRealm.framework",
				"${BUILT_PRODUCTS_DIR}/RxSwift/RxSwift.framework",
				"${BUILT_PRODUCTS_DIR}/Sparrow/Sparrow.framework",
				"${BUILT_PRODUCTS_DIR}/SteviaLayout/Stevia.framework",
				"${BUILT_PRODUCTS_DIR}/SwiftQRScanner/SwiftQRScanner.framework",
				"${BUILT_PRODUCTS_DIR}/Toast-Swift/Toast_Swift.framework",
				"${BUILT_PRODUCTS_DIR}/YPImagePicker/YPImagePicker.framework",
			);
			name = "[CP] Embed Pods Frameworks";
			outputPaths = (
				"${TARGET_BUILD_DIR}/${FRAMEWORKS_FOLDER_PATH}/DZNEmptyDataSet.framework",
				"${TARGET_BUILD_DIR}/${FRAMEWORKS_FOLDER_PATH}/Hero.framework",
				"${TARGET_BUILD_DIR}/${FRAMEWORKS_FOLDER_PATH}/PryntTrimmerView.framework",
				"${TARGET_BUILD_DIR}/${FRAMEWORKS_FOLDER_PATH}/Realm.framework",
				"${TARGET_BUILD_DIR}/${FRAMEWORKS_FOLDER_PATH}/RealmSwift.framework",
				"${TARGET_BUILD_DIR}/${FRAMEWORKS_FOLDER_PATH}/RxCocoa.framework",
				"${TARGET_BUILD_DIR}/${FRAMEWORKS_FOLDER_PATH}/RxRealm.framework",
				"${TARGET_BUILD_DIR}/${FRAMEWORKS_FOLDER_PATH}/RxSwift.framework",
				"${TARGET_BUILD_DIR}/${FRAMEWORKS_FOLDER_PATH}/Sparrow.framework",
				"${TARGET_BUILD_DIR}/${FRAMEWORKS_FOLDER_PATH}/Stevia.framework",
				"${TARGET_BUILD_DIR}/${FRAMEWORKS_FOLDER_PATH}/SwiftQRScanner.framework",
				"${TARGET_BUILD_DIR}/${FRAMEWORKS_FOLDER_PATH}/Toast_Swift.framework",
				"${TARGET_BUILD_DIR}/${FRAMEWORKS_FOLDER_PATH}/YPImagePicker.framework",
			);
			runOnlyForDeploymentPostprocessing = 0;
			shellPath = /bin/sh;
			shellScript = "\"${SRCROOT}/Pods/Target Support Files/Pods-QRCode/Pods-QRCode-frameworks.sh\"\n";
			showEnvVarsInLog = 0;
		};
		CCE4E9A91144ED791FCF4C8B /* [CP] Check Pods Manifest.lock */ = {
			isa = PBXShellScriptBuildPhase;
			buildActionMask = 2147483647;
			files = (
			);
			inputPaths = (
				"${PODS_PODFILE_DIR_PATH}/Podfile.lock",
				"${PODS_ROOT}/Manifest.lock",
			);
			name = "[CP] Check Pods Manifest.lock";
			outputPaths = (
				"$(DERIVED_FILE_DIR)/Pods-QRCode-checkManifestLockResult.txt",
			);
			runOnlyForDeploymentPostprocessing = 0;
			shellPath = /bin/sh;
			shellScript = "diff \"${PODS_PODFILE_DIR_PATH}/Podfile.lock\" \"${PODS_ROOT}/Manifest.lock\" > /dev/null\nif [ $? != 0 ] ; then\n    # print error to STDERR\n    echo \"error: The sandbox is not in sync with the Podfile.lock. Run 'pod install' or update your CocoaPods installation.\" >&2\n    exit 1\nfi\n# This output is used by Xcode 'outputs' to avoid re-running this script phase.\necho \"SUCCESS\" > \"${SCRIPT_OUTPUT_FILE_0}\"\n";
			showEnvVarsInLog = 0;
		};
		DC4D28F1213E86FC00DE3CA2 /* ShellScript */ = {
			isa = PBXShellScriptBuildPhase;
			buildActionMask = 2147483647;
			files = (
			);
			inputPaths = (
			);
			outputPaths = (
			);
			runOnlyForDeploymentPostprocessing = 0;
			shellPath = /bin/sh;
			shellScript = "if [ \"${CONFIGURATION}\" = \"Release\" ]; then\nbuildNumber=$(/usr/libexec/PlistBuddy -c \"Print CFBundleVersion\" \"${TARGET_BUILD_DIR}/${INFOPLIST_PATH}\")\nprefix=${buildNumber:0:1}\nbuildNumber=${buildNumber:1}\nnewSubBuild=`echo $buildNumber | awk -F \".\" '{print $2}'`\nnewSubBuild=$(($newSubBuild + 1))\nnewSubBuildString=`echo $buildNumber | awk -F \".\" '{print $1 \".'$newSubBuild'\" }'`\n/usr/libexec/PlistBuddy -c \"Set :CFBundleVersion $prefix$newSubBuildString\" \"$INFOPLIST_FILE\"\n/usr/libexec/PlistBuddy -c \"Set :CFBundleVersion $prefix$newSubBuildString\" \"${TARGET_BUILD_DIR}/${INFOPLIST_PATH}\"\nfi\n";
		};
		DCD32C262137F91900BDA200 /* ShellScript */ = {
			isa = PBXShellScriptBuildPhase;
			buildActionMask = 2147483647;
			files = (
			);
			inputPaths = (
			);
			outputPaths = (
			);
			runOnlyForDeploymentPostprocessing = 0;
			shellPath = /bin/sh;
			shellScript = "./Fabric.framework/run d680067b50aa01ab400c1022c5d0e30bfffdc45b 927a3bc154d0e69388c09a0a30e659f860530cbef4947e8a22cf4ffddc0ccfb1\n";
		};
		F3A800E6D0A1BC914EA0128A /* [CP] Check Pods Manifest.lock */ = {
			isa = PBXShellScriptBuildPhase;
			buildActionMask = 2147483647;
			files = (
			);
			inputPaths = (
				"${PODS_PODFILE_DIR_PATH}/Podfile.lock",
				"${PODS_ROOT}/Manifest.lock",
			);
			name = "[CP] Check Pods Manifest.lock";
			outputPaths = (
				"$(DERIVED_FILE_DIR)/Pods-QRCodeTests-checkManifestLockResult.txt",
			);
			runOnlyForDeploymentPostprocessing = 0;
			shellPath = /bin/sh;
			shellScript = "diff \"${PODS_PODFILE_DIR_PATH}/Podfile.lock\" \"${PODS_ROOT}/Manifest.lock\" > /dev/null\nif [ $? != 0 ] ; then\n    # print error to STDERR\n    echo \"error: The sandbox is not in sync with the Podfile.lock. Run 'pod install' or update your CocoaPods installation.\" >&2\n    exit 1\nfi\n# This output is used by Xcode 'outputs' to avoid re-running this script phase.\necho \"SUCCESS\" > \"${SCRIPT_OUTPUT_FILE_0}\"\n";
			showEnvVarsInLog = 0;
		};
/* End PBXShellScriptBuildPhase section */

/* Begin PBXSourcesBuildPhase section */
		DCA69AF02137A15A00A35DCD /* Sources */ = {
			isa = PBXSourcesBuildPhase;
			buildActionMask = 2147483647;
			files = (
				DC080D3E2137D0380080B4A5 /* HistoryCell.swift in Sources */,
				DCA69AF82137A15A00A35DCD /* AppDelegate.swift in Sources */,
				DC15CD6021393A3E001E8043 /* UIApplication+Helper.swift in Sources */,
				DCECCEF12137D467004C3345 /* History.swift in Sources */,
				9B6A30E52147705B00B48D69 /* AboutSettingCell.swift in Sources */,
				9B6A30E32147704800B48D69 /* SoundSettingCell.swift in Sources */,
				DCD4A402213E2465008FC531 /* String+Helper.swift in Sources */,
				DC080D362137CA030080B4A5 /* HistoryViewModel.swift in Sources */,
				DCAF6135213E755B00564C04 /* SettingViewController.swift in Sources */,
				DC080D412137D05F0080B4A5 /* Protocol.swift in Sources */,
				DCECCEF32137D5BB004C3345 /* RealmManager.swift in Sources */,
				DCAF6137213E76FD00564C04 /* AppSetting.swift in Sources */,
				DC080D3B2137CE020080B4A5 /* Storyboarded.swift in Sources */,
				DC15CD6221393BB1001E8043 /* Logger.swift in Sources */,
				9B6A30E72147706B00B48D69 /* VersionSettingCell.swift in Sources */,
				DC2AE7E521391E5D00812224 /* Constant.swift in Sources */,
				DCD299792137E7F8001F31CC /* UITableView+Helper.swift in Sources */,
				DC6310EE2139500F0062BCFA /* MainTabBarViewController.swift in Sources */,
				DCD32C292137FEAF00BDA200 /* HistoryDetailViewController.swift in Sources */,
				DCD2997B2137EAB2001F31CC /* Date+helper.swift in Sources */,
				DC080D392137CDFD0080B4A5 /* UIView+Helper.swift in Sources */,
				DC884E6B2137C6DA00D25CDE /* HistoryViewController.swift in Sources */,
				DC92DBCD213E6A5A001E9019 /* SettingViewModel.swift in Sources */,
				DC15CD5E213936B5001E8043 /* GADManager.swift in Sources */,
				DCD32C2B213803C600BDA200 /* HistoryDetailViewModel.swift in Sources */,
				DC92DBD1213E6F7B001E9019 /* AboutViewController.swift in Sources */,
				DC321916213F7A3F00C70DEE /* PhotoViewController.swift in Sources */,
			);
			runOnlyForDeploymentPostprocessing = 0;
		};
		DCA69B042137A15C00A35DCD /* Sources */ = {
			isa = PBXSourcesBuildPhase;
			buildActionMask = 2147483647;
			files = (
				DCA69B0D2137A15C00A35DCD /* QRCodeTests.swift in Sources */,
			);
			runOnlyForDeploymentPostprocessing = 0;
		};
/* End PBXSourcesBuildPhase section */

/* Begin PBXTargetDependency section */
		DCA69B0A2137A15C00A35DCD /* PBXTargetDependency */ = {
			isa = PBXTargetDependency;
			target = DCA69AF32137A15A00A35DCD /* QRCode */;
			targetProxy = DCA69B092137A15C00A35DCD /* PBXContainerItemProxy */;
		};
/* End PBXTargetDependency section */

/* Begin PBXVariantGroup section */
		DCA69AFB2137A15A00A35DCD /* Main.storyboard */ = {
			isa = PBXVariantGroup;
			children = (
				DCA69AFC2137A15A00A35DCD /* Base */,
			);
			name = Main.storyboard;
			sourceTree = "<group>";
		};
		DCA69B002137A15C00A35DCD /* LaunchScreen.storyboard */ = {
			isa = PBXVariantGroup;
			children = (
				DCA69B012137A15C00A35DCD /* Base */,
			);
			name = LaunchScreen.storyboard;
			sourceTree = "<group>";
		};
/* End PBXVariantGroup section */

/* Begin XCBuildConfiguration section */
		DCA69B0F2137A15C00A35DCD /* Debug */ = {
			isa = XCBuildConfiguration;
			buildSettings = {
				ALWAYS_SEARCH_USER_PATHS = NO;
				CLANG_ANALYZER_NONNULL = YES;
				CLANG_ANALYZER_NUMBER_OBJECT_CONVERSION = YES_AGGRESSIVE;
				CLANG_CXX_LANGUAGE_STANDARD = "gnu++14";
				CLANG_CXX_LIBRARY = "libc++";
				CLANG_ENABLE_MODULES = YES;
				CLANG_ENABLE_OBJC_ARC = YES;
				CLANG_ENABLE_OBJC_WEAK = YES;
				CLANG_WARN_BLOCK_CAPTURE_AUTORELEASING = YES;
				CLANG_WARN_BOOL_CONVERSION = YES;
				CLANG_WARN_COMMA = YES;
				CLANG_WARN_CONSTANT_CONVERSION = YES;
				CLANG_WARN_DEPRECATED_OBJC_IMPLEMENTATIONS = YES;
				CLANG_WARN_DIRECT_OBJC_ISA_USAGE = YES_ERROR;
				CLANG_WARN_DOCUMENTATION_COMMENTS = YES;
				CLANG_WARN_EMPTY_BODY = YES;
				CLANG_WARN_ENUM_CONVERSION = YES;
				CLANG_WARN_INFINITE_RECURSION = YES;
				CLANG_WARN_INT_CONVERSION = YES;
				CLANG_WARN_NON_LITERAL_NULL_CONVERSION = YES;
				CLANG_WARN_OBJC_IMPLICIT_RETAIN_SELF = YES;
				CLANG_WARN_OBJC_LITERAL_CONVERSION = YES;
				CLANG_WARN_OBJC_ROOT_CLASS = YES_ERROR;
				CLANG_WARN_RANGE_LOOP_ANALYSIS = YES;
				CLANG_WARN_STRICT_PROTOTYPES = YES;
				CLANG_WARN_SUSPICIOUS_MOVE = YES;
				CLANG_WARN_UNGUARDED_AVAILABILITY = YES_AGGRESSIVE;
				CLANG_WARN_UNREACHABLE_CODE = YES;
				CLANG_WARN__DUPLICATE_METHOD_MATCH = YES;
				CODE_SIGN_IDENTITY = "iPhone Developer";
				COPY_PHASE_STRIP = NO;
				DEBUG_INFORMATION_FORMAT = dwarf;
				ENABLE_STRICT_OBJC_MSGSEND = YES;
				ENABLE_TESTABILITY = YES;
				GCC_C_LANGUAGE_STANDARD = gnu11;
				GCC_DYNAMIC_NO_PIC = NO;
				GCC_NO_COMMON_BLOCKS = YES;
				GCC_OPTIMIZATION_LEVEL = 0;
				GCC_PREPROCESSOR_DEFINITIONS = (
					"DEBUG=1",
					"$(inherited)",
				);
				GCC_WARN_64_TO_32_BIT_CONVERSION = YES;
				GCC_WARN_ABOUT_RETURN_TYPE = YES_ERROR;
				GCC_WARN_UNDECLARED_SELECTOR = YES;
				GCC_WARN_UNINITIALIZED_AUTOS = YES_AGGRESSIVE;
				GCC_WARN_UNUSED_FUNCTION = YES;
				GCC_WARN_UNUSED_VARIABLE = YES;
				IPHONEOS_DEPLOYMENT_TARGET = 9.0;
				MTL_ENABLE_DEBUG_INFO = YES;
				ONLY_ACTIVE_ARCH = YES;
				SDKROOT = iphoneos;
				SWIFT_ACTIVE_COMPILATION_CONDITIONS = DEBUG;
				SWIFT_OPTIMIZATION_LEVEL = "-Onone";
			};
			name = Debug;
		};
		DCA69B102137A15C00A35DCD /* Release */ = {
			isa = XCBuildConfiguration;
			buildSettings = {
				ALWAYS_SEARCH_USER_PATHS = NO;
				CLANG_ANALYZER_NONNULL = YES;
				CLANG_ANALYZER_NUMBER_OBJECT_CONVERSION = YES_AGGRESSIVE;
				CLANG_CXX_LANGUAGE_STANDARD = "gnu++14";
				CLANG_CXX_LIBRARY = "libc++";
				CLANG_ENABLE_MODULES = YES;
				CLANG_ENABLE_OBJC_ARC = YES;
				CLANG_ENABLE_OBJC_WEAK = YES;
				CLANG_WARN_BLOCK_CAPTURE_AUTORELEASING = YES;
				CLANG_WARN_BOOL_CONVERSION = YES;
				CLANG_WARN_COMMA = YES;
				CLANG_WARN_CONSTANT_CONVERSION = YES;
				CLANG_WARN_DEPRECATED_OBJC_IMPLEMENTATIONS = YES;
				CLANG_WARN_DIRECT_OBJC_ISA_USAGE = YES_ERROR;
				CLANG_WARN_DOCUMENTATION_COMMENTS = YES;
				CLANG_WARN_EMPTY_BODY = YES;
				CLANG_WARN_ENUM_CONVERSION = YES;
				CLANG_WARN_INFINITE_RECURSION = YES;
				CLANG_WARN_INT_CONVERSION = YES;
				CLANG_WARN_NON_LITERAL_NULL_CONVERSION = YES;
				CLANG_WARN_OBJC_IMPLICIT_RETAIN_SELF = YES;
				CLANG_WARN_OBJC_LITERAL_CONVERSION = YES;
				CLANG_WARN_OBJC_ROOT_CLASS = YES_ERROR;
				CLANG_WARN_RANGE_LOOP_ANALYSIS = YES;
				CLANG_WARN_STRICT_PROTOTYPES = YES;
				CLANG_WARN_SUSPICIOUS_MOVE = YES;
				CLANG_WARN_UNGUARDED_AVAILABILITY = YES_AGGRESSIVE;
				CLANG_WARN_UNREACHABLE_CODE = YES;
				CLANG_WARN__DUPLICATE_METHOD_MATCH = YES;
				CODE_SIGN_IDENTITY = "iPhone Developer";
				COPY_PHASE_STRIP = NO;
				DEBUG_INFORMATION_FORMAT = "dwarf-with-dsym";
				ENABLE_NS_ASSERTIONS = NO;
				ENABLE_STRICT_OBJC_MSGSEND = YES;
				GCC_C_LANGUAGE_STANDARD = gnu11;
				GCC_NO_COMMON_BLOCKS = YES;
				GCC_WARN_64_TO_32_BIT_CONVERSION = YES;
				GCC_WARN_ABOUT_RETURN_TYPE = YES_ERROR;
				GCC_WARN_UNDECLARED_SELECTOR = YES;
				GCC_WARN_UNINITIALIZED_AUTOS = YES_AGGRESSIVE;
				GCC_WARN_UNUSED_FUNCTION = YES;
				GCC_WARN_UNUSED_VARIABLE = YES;
				IPHONEOS_DEPLOYMENT_TARGET = 9.0;
				MTL_ENABLE_DEBUG_INFO = NO;
				SDKROOT = iphoneos;
				SWIFT_COMPILATION_MODE = wholemodule;
				SWIFT_OPTIMIZATION_LEVEL = "-O";
				VALIDATE_PRODUCT = YES;
			};
			name = Release;
		};
		DCA69B122137A15C00A35DCD /* Debug */ = {
			isa = XCBuildConfiguration;
			baseConfigurationReference = 4DC425063886CA0AA10F9CF2 /* Pods-QRCode.debug.xcconfig */;
			buildSettings = {
				ASSETCATALOG_COMPILER_APPICON_NAME = AppIcon;
				CODE_SIGN_STYLE = Manual;
				DEVELOPMENT_TEAM = 462FTAHM6P;
				INFOPLIST_FILE = "$(SRCROOT)/QRCode/Resource/Info.plist";
				LD_RUNPATH_SEARCH_PATHS = (
					"$(inherited)",
					"@executable_path/Frameworks",
				);
				PRODUCT_BUNDLE_IDENTIFIER = com.baonguyen.QRCode;
				PRODUCT_NAME = "$(TARGET_NAME)";
				PROVISIONING_PROFILE = "ec0541df-ce69-41d5-b06f-402e3f4296d0";
				PROVISIONING_PROFILE_SPECIFIER = "BaoQRCode - 31 Aug - Development";
				SWIFT_VERSION = 4.0;
				TARGETED_DEVICE_FAMILY = "1,2";
			};
			name = Debug;
		};
		DCA69B132137A15C00A35DCD /* Release */ = {
			isa = XCBuildConfiguration;
			baseConfigurationReference = 7E76846BCF770D9EE274E2CA /* Pods-QRCode.release.xcconfig */;
			buildSettings = {
				ASSETCATALOG_COMPILER_APPICON_NAME = AppIcon;
				CODE_SIGN_STYLE = Manual;
				DEVELOPMENT_TEAM = 462FTAHM6P;
				INFOPLIST_FILE = "$(SRCROOT)/QRCode/Resource/Info.plist";
				LD_RUNPATH_SEARCH_PATHS = (
					"$(inherited)",
					"@executable_path/Frameworks",
				);
				PRODUCT_BUNDLE_IDENTIFIER = com.baonguyen.QRCode;
				PRODUCT_NAME = "$(TARGET_NAME)";
				PROVISIONING_PROFILE = "ec0541df-ce69-41d5-b06f-402e3f4296d0";
				PROVISIONING_PROFILE_SPECIFIER = "BaoQRCode - 31 Aug - Development";
				SWIFT_VERSION = 4.0;
				TARGETED_DEVICE_FAMILY = "1,2";
			};
			name = Release;
		};
		DCA69B152137A15C00A35DCD /* Debug */ = {
			isa = XCBuildConfiguration;
			baseConfigurationReference = 21FC9467E5A06FACDE608D3A /* Pods-QRCodeTests.debug.xcconfig */;
			buildSettings = {
				ALWAYS_EMBED_SWIFT_STANDARD_LIBRARIES = YES;
				BUNDLE_LOADER = "$(TEST_HOST)";
				CODE_SIGN_STYLE = Automatic;
				DEVELOPMENT_TEAM = 4X4ZDEX56P;
				INFOPLIST_FILE = QRCodeTests/Info.plist;
				LD_RUNPATH_SEARCH_PATHS = (
					"$(inherited)",
					"@executable_path/Frameworks",
					"@loader_path/Frameworks",
				);
				PRODUCT_BUNDLE_IDENTIFIER = com.bao.QRCodeTests;
				PRODUCT_NAME = "$(TARGET_NAME)";
				SWIFT_VERSION = 4.0;
				TARGETED_DEVICE_FAMILY = "1,2";
				TEST_HOST = "$(BUILT_PRODUCTS_DIR)/QRCode.app/QRCode";
			};
			name = Debug;
		};
		DCA69B162137A15C00A35DCD /* Release */ = {
			isa = XCBuildConfiguration;
			baseConfigurationReference = 21D76350B0FB986D2F5C267F /* Pods-QRCodeTests.release.xcconfig */;
			buildSettings = {
				ALWAYS_EMBED_SWIFT_STANDARD_LIBRARIES = YES;
				BUNDLE_LOADER = "$(TEST_HOST)";
				CODE_SIGN_STYLE = Automatic;
				DEVELOPMENT_TEAM = 4X4ZDEX56P;
				INFOPLIST_FILE = QRCodeTests/Info.plist;
				LD_RUNPATH_SEARCH_PATHS = (
					"$(inherited)",
					"@executable_path/Frameworks",
					"@loader_path/Frameworks",
				);
				PRODUCT_BUNDLE_IDENTIFIER = com.bao.QRCodeTests;
				PRODUCT_NAME = "$(TARGET_NAME)";
				SWIFT_VERSION = 4.0;
				TARGETED_DEVICE_FAMILY = "1,2";
				TEST_HOST = "$(BUILT_PRODUCTS_DIR)/QRCode.app/QRCode";
			};
			name = Release;
		};
/* End XCBuildConfiguration section */

/* Begin XCConfigurationList section */
		DCA69AEF2137A15A00A35DCD /* Build configuration list for PBXProject "QRCode" */ = {
			isa = XCConfigurationList;
			buildConfigurations = (
				DCA69B0F2137A15C00A35DCD /* Debug */,
				DCA69B102137A15C00A35DCD /* Release */,
			);
			defaultConfigurationIsVisible = 0;
			defaultConfigurationName = Release;
		};
		DCA69B112137A15C00A35DCD /* Build configuration list for PBXNativeTarget "QRCode" */ = {
			isa = XCConfigurationList;
			buildConfigurations = (
				DCA69B122137A15C00A35DCD /* Debug */,
				DCA69B132137A15C00A35DCD /* Release */,
			);
			defaultConfigurationIsVisible = 0;
			defaultConfigurationName = Release;
		};
		DCA69B142137A15C00A35DCD /* Build configuration list for PBXNativeTarget "QRCodeTests" */ = {
			isa = XCConfigurationList;
			buildConfigurations = (
				DCA69B152137A15C00A35DCD /* Debug */,
				DCA69B162137A15C00A35DCD /* Release */,
			);
			defaultConfigurationIsVisible = 0;
			defaultConfigurationName = Release;
		};
/* End XCConfigurationList section */
	};
	rootObject = DCA69AEC2137A15A00A35DCD /* Project object */;
}
